
Microsoft Visual Studio Solution File, Format Version 12.00
# Visual Studio Version 16
VisualStudioVersion = 16.0.29215.179
MinimumVisualStudioVersion = 10.0.40219.1
Project("{8BC9CEB8-8B4A-11D0-8D11-00A0C91BC942}") = "CarCenterOOPProject", "CarCenterOOPProject\CarCenterOOPProject.vcxproj", "{E80A7295-34D6-4728-8740-20B294F87839}"
EndProject
Global
	GlobalSection(SolutionConfigurationPlatforms) = preSolution
		Debug|x64 = Debug|x64
		Debug|x86 = Debug|x86
		Release|x64 = Release|x64
		Release|x86 = Release|x86
	EndGlobalSection
	GlobalSection(ProjectConfigurationPlatforms) = postSolution
		{E80A7295-34D6-4728-8740-20B294F87839}.Debug|x64.ActiveCfg = Debug|x64
		{E80A7295-34D6-4728-8740-20B294F87839}.Debug|x64.Build.0 = Debug|x64
		{E80A7295-34D6-4728-8740-20B294F87839}.Debug|x86.ActiveCfg = Debug|Win32
		{E80A7295-34D6-4728-8740-20B294F87839}.Debug|x86.Build.0 = Debug|Win32
		{E80A7295-34D6-4728-8740-20B294F87839}.Release|x64.ActiveCfg = Release|x64
		{E80A7295-34D6-4728-8740-20B294F87839}.Release|x64.Build.0 = Release|x64
		{E80A7295-34D6-4728-8740-20B294F87839}.Release|x86.ActiveCfg = Release|Win32
		{E80A7295-34D6-4728-8740-20B294F87839}.Release|x86.Build.0 = Release|Win32
	EndGlobalSection
	GlobalSection(SolutionProperties) = preSolution
		HideSolutionNode = FALSE
	EndGlobalSection
	GlobalSection(ExtensibilityGlobals) = postSolution
		SolutionGuid = {22A58C11-26E9-4C7B-B45C-B5D020F53D4A}
	EndGlobalSection
EndGlobal
